Microsoft Visual Studio Solution File, Format Version 12.00
# Visual Studio Version 17
VisualStudioVersion = 17.5.2.0
MinimumVisualStudioVersion = 10.0.40219.1
Project("{FAE04EC0-301F-11D3-BF4B-00C04F79EFBC}") = "Pokr", "Pokr\Pokr.csproj", "{52A2CB49-1F43-FB13-9050-2A234C1A773E}"
EndProject
Project("{FAE04EC0-301F-11D3-BF4B-00C04F79EFBC}") = "Pokr.Tests", "Pokr.Tests\Pokr.Tests.csproj", "{A1B2C3D4-5E6F-7890-ABCD-EF1234567890}"
EndProject
Global
	GlobalSection(SolutionConfigurationPlatforms) = preSolution
		Debug|Any CPU = Debug|Any CPU
		Release|Any CPU = Release|Any CPU
	EndGlobalSection
	GlobalSection(ProjectConfigurationPlatforms) = postSolution
		{52A2CB49-1F43-FB13-9050-2A234C1A773E}.Debug|Any CPU.ActiveCfg = Debug|Any CPU
		{52A2CB49-1F43-FB13-9050-2A234C1A773E}.Debug|Any CPU.Build.0 = Debug|Any CPU
		{52A2CB49-1F43-FB13-9050-2A234C1A773E}.Release|Any CPU = Release|Any CPU
		{52A2CB49-1F43-FB13-9050-2A234C1A773E}.Release|Any CPU.Build.0 = Release|Any CPU
		{A1B2C3D4-5E6F-7890-ABCD-EF1234567890}.Debug|Any CPU.ActiveCfg = Debug|Any CPU
		{A1B2C3D4-5E6F-7890-ABCD-EF1234567890}.Debug|Any CPU.Build.0 = Debug|Any CPU
		{A1B2C3D4-5E6F-7890-ABCD-EF1234567890}.Release|Any CPU = Release|Any CPU
		{A1B2C3D4-5E6F-7890-ABCD-EF1234567890}.Release|Any CPU.Build.0 = Release|Any CPU
	EndGlobalSection
	GlobalSection(SolutionProperties) = preSolution
		HideSolutionNode = FALSE
	EndGlobalSection
	GlobalSection(ExtensibilityGlobals) = postSolution
		SolutionGuid = {94E7348B-3E27-440B-AB86-6A80D68D1929}
	EndGlobalSection
EndGlobal